// !$*UTF8*$!
{
	archiveVersion = 1;
	classes = {
	};
	objectVersion = 56;
	objects = {

/* Begin PBXBuildFile section */
		57461C472AB58C520026F903 /* PIMApp.swift in Sources */ = {isa = PBXBuildFile; fileRef = 57461C462AB58C520026F903 /* PIMApp.swift */; };
		57461C492AB58C520026F903 /* ContentView.swift in Sources */ = {isa = PBXBuildFile; fileRef = 57461C482AB58C520026F903 /* ContentView.swift */; };
		57461C4B2AB58C540026F903 /* Assets.xcassets in Resources */ = {isa = PBXBuildFile; fileRef = 57461C4A2AB58C540026F903 /* Assets.xcassets */; };
		57461C4E2AB58C540026F903 /* Preview Assets.xcassets in Resources */ = {isa = PBXBuildFile; fileRef = 57461C4D2AB58C540026F903 /* Preview Assets.xcassets */; };
		57461C502AB58C540026F903 /* Persistence.swift in Sources */ = {isa = PBXBuildFile; fileRef = 57461C4F2AB58C540026F903 /* Persistence.swift */; };
		57461C532AB58C540026F903 /* PIM.xcdatamodeld in Sources */ = {isa = PBXBuildFile; fileRef = 57461C512AB58C540026F903 /* PIM.xcdatamodeld */; };
		7954A7ED2ABA8881000D1E8F /* FontExtension.swift in Sources */ = {isa = PBXBuildFile; fileRef = 7954A7EC2ABA8881000D1E8F /* FontExtension.swift */; };
		7954A7EF2ABA888B000D1E8F /* ColorExtension.swift in Sources */ = {isa = PBXBuildFile; fileRef = 7954A7EE2ABA888B000D1E8F /* ColorExtension.swift */; };
		7954A7FB2ABA88E8000D1E8F /* Pretendard-ExtraLight.ttf in Resources */ = {isa = PBXBuildFile; fileRef = 7954A7F12ABA88E7000D1E8F /* Pretendard-ExtraLight.ttf */; };
		7954A7FC2ABA88E8000D1E8F /* Pretendard-ExtraBold.ttf in Resources */ = {isa = PBXBuildFile; fileRef = 7954A7F22ABA88E7000D1E8F /* Pretendard-ExtraBold.ttf */; };
		7954A7FD2ABA88E8000D1E8F /* Pretendard-SemiBold.ttf in Resources */ = {isa = PBXBuildFile; fileRef = 7954A7F32ABA88E7000D1E8F /* Pretendard-SemiBold.ttf */; };
		7954A7FF2ABA88E8000D1E8F /* Cafe24OhsquareAir-v2.0.ttf in Resources */ = {isa = PBXBuildFile; fileRef = 7954A7F52ABA88E7000D1E8F /* Cafe24OhsquareAir-v2.0.ttf */; };
		7954A8002ABA88E8000D1E8F /* Pretendard-Medium.ttf in Resources */ = {isa = PBXBuildFile; fileRef = 7954A7F62ABA88E7000D1E8F /* Pretendard-Medium.ttf */; };
		7954A8012ABA88E8000D1E8F /* Pretendard-Thin.ttf in Resources */ = {isa = PBXBuildFile; fileRef = 7954A7F72ABA88E7000D1E8F /* Pretendard-Thin.ttf */; };
		7954A8022ABA88E8000D1E8F /* Pretendard-Bold.ttf in Resources */ = {isa = PBXBuildFile; fileRef = 7954A7F82ABA88E8000D1E8F /* Pretendard-Bold.ttf */; };
		7954A8032ABA88E8000D1E8F /* Pretendard-Regular.ttf in Resources */ = {isa = PBXBuildFile; fileRef = 7954A7F92ABA88E8000D1E8F /* Pretendard-Regular.ttf */; };
		7954A8042ABA88E8000D1E8F /* Pretendard-Light.ttf in Resources */ = {isa = PBXBuildFile; fileRef = 7954A7FA2ABA88E8000D1E8F /* Pretendard-Light.ttf */; };
/* End PBXBuildFile section */

/* Begin PBXFileReference section */
		57461C432AB58C520026F903 /* PIM.app */ = {isa = PBXFileReference; explicitFileType = wrapper.application; includeInIndex = 0; path = PIM.app; sourceTree = BUILT_PRODUCTS_DIR; };
		57461C462AB58C520026F903 /* PIMApp.swift */ = {isa = PBXFileReference; lastKnownFileType = sourcecode.swift; path = PIMApp.swift; sourceTree = "<group>"; };
		57461C482AB58C520026F903 /* ContentView.swift */ = {isa = PBXFileReference; lastKnownFileType = sourcecode.swift; path = ContentView.swift; sourceTree = "<group>"; };
		57461C4A2AB58C540026F903 /* Assets.xcassets */ = {isa = PBXFileReference; lastKnownFileType = folder.assetcatalog; path = Assets.xcassets; sourceTree = "<group>"; };
		57461C4D2AB58C540026F903 /* Preview Assets.xcassets */ = {isa = PBXFileReference; lastKnownFileType = folder.assetcatalog; path = "Preview Assets.xcassets"; sourceTree = "<group>"; };
		57461C4F2AB58C540026F903 /* Persistence.swift */ = {isa = PBXFileReference; lastKnownFileType = sourcecode.swift; path = Persistence.swift; sourceTree = "<group>"; };
		57461C522AB58C540026F903 /* PIM.xcdatamodel */ = {isa = PBXFileReference; lastKnownFileType = wrapper.xcdatamodel; path = PIM.xcdatamodel; sourceTree = "<group>"; };
		7954A7EC2ABA8881000D1E8F /* FontExtension.swift */ = {isa = PBXFileReference; lastKnownFileType = sourcecode.swift; path = FontExtension.swift; sourceTree = "<group>"; };
		7954A7EE2ABA888B000D1E8F /* ColorExtension.swift */ = {isa = PBXFileReference; lastKnownFileType = sourcecode.swift; path = ColorExtension.swift; sourceTree = "<group>"; };
		7954A7F12ABA88E7000D1E8F /* Pretendard-ExtraLight.ttf */ = {isa = PBXFileReference; lastKnownFileType = file; path = "Pretendard-ExtraLight.ttf"; sourceTree = "<group>"; };
		7954A7F22ABA88E7000D1E8F /* Pretendard-ExtraBold.ttf */ = {isa = PBXFileReference; lastKnownFileType = file; path = "Pretendard-ExtraBold.ttf"; sourceTree = "<group>"; };
		7954A7F32ABA88E7000D1E8F /* Pretendard-SemiBold.ttf */ = {isa = PBXFileReference; lastKnownFileType = file; path = "Pretendard-SemiBold.ttf"; sourceTree = "<group>"; };
		7954A7F52ABA88E7000D1E8F /* Cafe24OhsquareAir-v2.0.ttf */ = {isa = PBXFileReference; lastKnownFileType = file; name = "Cafe24OhsquareAir-v2.0.ttf"; path = "../../../../../../../Downloads/Cafe24OhsquareAir-v2.0/Cafe24OhsquareAir-v2.0.ttf"; sourceTree = "<group>"; };
		7954A7F62ABA88E7000D1E8F /* Pretendard-Medium.ttf */ = {isa = PBXFileReference; lastKnownFileType = file; path = "Pretendard-Medium.ttf"; sourceTree = "<group>"; };
		7954A7F72ABA88E7000D1E8F /* Pretendard-Thin.ttf */ = {isa = PBXFileReference; lastKnownFileType = file; path = "Pretendard-Thin.ttf"; sourceTree = "<group>"; };
		7954A7F82ABA88E8000D1E8F /* Pretendard-Bold.ttf */ = {isa = PBXFileReference; lastKnownFileType = file; path = "Pretendard-Bold.ttf"; sourceTree = "<group>"; };
		7954A7F92ABA88E8000D1E8F /* Pretendard-Regular.ttf */ = {isa = PBXFileReference; lastKnownFileType = file; path = "Pretendard-Regular.ttf"; sourceTree = "<group>"; };
		7954A7FA2ABA88E8000D1E8F /* Pretendard-Light.ttf */ = {isa = PBXFileReference; lastKnownFileType = file; path = "Pretendard-Light.ttf"; sourceTree = "<group>"; };
/* End PBXFileReference section */

/* Begin PBXFrameworksBuildPhase section */
		57461C402AB58C520026F903 /* Frameworks */ = {
			isa = PBXFrameworksBuildPhase;
			buildActionMask = 2147483647;
			files = (
			);
			runOnlyForDeploymentPostprocessing = 0;
		};
/* End PBXFrameworksBuildPhase section */

/* Begin PBXGroup section */
		57461C3A2AB58C520026F903 = {
			isa = PBXGroup;
			children = (
				57461C452AB58C520026F903 /* PIM */,
				57461C442AB58C520026F903 /* Products */,
			);
			sourceTree = "<group>";
		};
		57461C442AB58C520026F903 /* Products */ = {
			isa = PBXGroup;
			children = (
				57461C432AB58C520026F903 /* PIM.app */,
			);
			name = Products;
			sourceTree = "<group>";
		};
		57461C452AB58C520026F903 /* PIM */ = {
			isa = PBXGroup;
			children = (
				57461C462AB58C520026F903 /* PIMApp.swift */,
				57461C482AB58C520026F903 /* ContentView.swift */,
				7954A7EB2ABA8862000D1E8F /* Extension */,
				57461C4A2AB58C540026F903 /* Assets.xcassets */,
				57461C4F2AB58C540026F903 /* Persistence.swift */,
				57461C512AB58C540026F903 /* PIM.xcdatamodeld */,
				57461C4C2AB58C540026F903 /* Preview Content */,
			);
			path = PIM;
			sourceTree = "<group>";
		};
		57461C4C2AB58C540026F903 /* Preview Content */ = {
			isa = PBXGroup;
			children = (
				57461C4D2AB58C540026F903 /* Preview Assets.xcassets */,
			);
			path = "Preview Content";
			sourceTree = "<group>";
		};
		7954A7EB2ABA8862000D1E8F /* Extension */ = {
			isa = PBXGroup;
			children = (
				7954A7EC2ABA8881000D1E8F /* FontExtension.swift */,
				7954A7F02ABA88C0000D1E8F /* Font */,
				7954A7EE2ABA888B000D1E8F /* ColorExtension.swift */,
			);
			path = Extension;
			sourceTree = "<group>";
		};
		7954A7F02ABA88C0000D1E8F /* Font */ = {
			isa = PBXGroup;
			children = (
				7954A7F52ABA88E7000D1E8F /* Cafe24OhsquareAir-v2.0.ttf */,
				7954A7F82ABA88E8000D1E8F /* Pretendard-Bold.ttf */,
				7954A7F22ABA88E7000D1E8F /* Pretendard-ExtraBold.ttf */,
				7954A7F12ABA88E7000D1E8F /* Pretendard-ExtraLight.ttf */,
				7954A7FA2ABA88E8000D1E8F /* Pretendard-Light.ttf */,
				7954A7F62ABA88E7000D1E8F /* Pretendard-Medium.ttf */,
				7954A7F92ABA88E8000D1E8F /* Pretendard-Regular.ttf */,
				7954A7F32ABA88E7000D1E8F /* Pretendard-SemiBold.ttf */,
				7954A7F72ABA88E7000D1E8F /* Pretendard-Thin.ttf */,
			);
			path = Font;
			sourceTree = "<group>";
		};
/* End PBXGroup section */

/* Begin PBXNativeTarget section */
		57461C422AB58C520026F903 /* PIM */ = {
			isa = PBXNativeTarget;
			buildConfigurationList = 57461C562AB58C540026F903 /* Build configuration list for PBXNativeTarget "PIM" */;
			buildPhases = (
				57461C3F2AB58C520026F903 /* Sources */,
				57461C402AB58C520026F903 /* Frameworks */,
				57461C412AB58C520026F903 /* Resources */,
			);
			buildRules = (
			);
			dependencies = (
			);
			name = PIM;
			productName = PIM;
			productReference = 57461C432AB58C520026F903 /* PIM.app */;
			productType = "com.apple.product-type.application";
		};
/* End PBXNativeTarget section */

/* Begin PBXProject section */
		57461C3B2AB58C520026F903 /* Project object */ = {
			isa = PBXProject;
			attributes = {
				BuildIndependentTargetsInParallel = 1;
				LastSwiftUpdateCheck = 1430;
				LastUpgradeCheck = 1430;
				TargetAttributes = {
					57461C422AB58C520026F903 = {
						CreatedOnToolsVersion = 14.3.1;
					};
				};
			};
			buildConfigurationList = 57461C3E2AB58C520026F903 /* Build configuration list for PBXProject "PIM" */;
			compatibilityVersion = "Xcode 14.0";
			developmentRegion = en;
			hasScannedForEncodings = 0;
			knownRegions = (
				en,
				Base,
			);
			mainGroup = 57461C3A2AB58C520026F903;
			productRefGroup = 57461C442AB58C520026F903 /* Products */;
			projectDirPath = "";
			projectRoot = "";
			targets = (
				57461C422AB58C520026F903 /* PIM */,
			);
		};
/* End PBXProject section */

/* Begin PBXResourcesBuildPhase section */
		57461C412AB58C520026F903 /* Resources */ = {
			isa = PBXResourcesBuildPhase;
			buildActionMask = 2147483647;
			files = (
				7954A8012ABA88E8000D1E8F /* Pretendard-Thin.ttf in Resources */,
				7954A8032ABA88E8000D1E8F /* Pretendard-Regular.ttf in Resources */,
				7954A8002ABA88E8000D1E8F /* Pretendard-Medium.ttf in Resources */,
				7954A7FF2ABA88E8000D1E8F /* Cafe24OhsquareAir-v2.0.ttf in Resources */,
				7954A7FB2ABA88E8000D1E8F /* Pretendard-ExtraLight.ttf in Resources */,
				57461C4E2AB58C540026F903 /* Preview Assets.xcassets in Resources */,
				7954A8042ABA88E8000D1E8F /* Pretendard-Light.ttf in Resources */,
				7954A7FD2ABA88E8000D1E8F /* Pretendard-SemiBold.ttf in Resources */,
				7954A8022ABA88E8000D1E8F /* Pretendard-Bold.ttf in Resources */,
				57461C4B2AB58C540026F903 /* Assets.xcassets in Resources */,
				7954A7FC2ABA88E8000D1E8F /* Pretendard-ExtraBold.ttf in Resources */,
			);
			runOnlyForDeploymentPostprocessing = 0;
		};
/* End PBXResourcesBuildPhase section */

/* Begin PBXSourcesBuildPhase section */
		57461C3F2AB58C520026F903 /* Sources */ = {
			isa = PBXSourcesBuildPhase;
			buildActionMask = 2147483647;
			files = (
				7954A7ED2ABA8881000D1E8F /* FontExtension.swift in Sources */,
				57461C502AB58C540026F903 /* Persistence.swift in Sources */,
				57461C492AB58C520026F903 /* ContentView.swift in Sources */,
				7954A7EF2ABA888B000D1E8F /* ColorExtension.swift in Sources */,
				57461C532AB58C540026F903 /* PIM.xcdatamodeld in Sources */,
				57461C472AB58C520026F903 /* PIMApp.swift in Sources */,
			);
			runOnlyForDeploymentPostprocessing = 0;
		};
/* End PBXSourcesBuildPhase section */

/* Begin XCBuildConfiguration section */
		57461C542AB58C540026F903 /* Debug */ = {
			isa = XCBuildConfiguration;
			buildSettings = {
				ALWAYS_SEARCH_USER_PATHS = NO;
				CLANG_ANALYZER_NONNULL = YES;
				CLANG_ANALYZER_NUMBER_OBJECT_CONVERSION = YES_AGGRESSIVE;
				CLANG_CXX_LANGUAGE_STANDARD = "gnu++20";
				CLANG_ENABLE_MODULES = YES;
				CLANG_ENABLE_OBJC_ARC = YES;
				CLANG_ENABLE_OBJC_WEAK = YES;
				CLANG_WARN_BLOCK_CAPTURE_AUTORELEASING = YES;
				CLANG_WARN_BOOL_CONVERSION = YES;
				CLANG_WARN_COMMA = YES;
				CLANG_WARN_CONSTANT_CONVERSION = YES;
				CLANG_WARN_DEPRECATED_OBJC_IMPLEMENTATIONS = YES;
				CLANG_WARN_DIRECT_OBJC_ISA_USAGE = YES_ERROR;
				CLANG_WARN_DOCUMENTATION_COMMENTS = YES;
				CLANG_WARN_EMPTY_BODY = YES;
				CLANG_WARN_ENUM_CONVERSION = YES;
				CLANG_WARN_INFINITE_RECURSION = YES;
				CLANG_WARN_INT_CONVERSION = YES;
				CLANG_WARN_NON_LITERAL_NULL_CONVERSION = YES;
				CLANG_WARN_OBJC_IMPLICIT_RETAIN_SELF = YES;
				CLANG_WARN_OBJC_LITERAL_CONVERSION = YES;
				CLANG_WARN_OBJC_ROOT_CLASS = YES_ERROR;
				CLANG_WARN_QUOTED_INCLUDE_IN_FRAMEWORK_HEADER = YES;
				CLANG_WARN_RANGE_LOOP_ANALYSIS = YES;
				CLANG_WARN_STRICT_PROTOTYPES = YES;
				CLANG_WARN_SUSPICIOUS_MOVE = YES;
				CLANG_WARN_UNGUARDED_AVAILABILITY = YES_AGGRESSIVE;
				CLANG_WARN_UNREACHABLE_CODE = YES;
				CLANG_WARN__DUPLICATE_METHOD_MATCH = YES;
				COPY_PHASE_STRIP = NO;
				DEBUG_INFORMATION_FORMAT = dwarf;
				ENABLE_STRICT_OBJC_MSGSEND = YES;
				ENABLE_TESTABILITY = YES;
				GCC_C_LANGUAGE_STANDARD = gnu11;
				GCC_DYNAMIC_NO_PIC = NO;
				GCC_NO_COMMON_BLOCKS = YES;
				GCC_OPTIMIZATION_LEVEL = 0;
				GCC_PREPROCESSOR_DEFINITIONS = (
					"DEBUG=1",
					"$(inherited)",
				);
				GCC_WARN_64_TO_32_BIT_CONVERSION = YES;
				GCC_WARN_ABOUT_RETURN_TYPE = YES_ERROR;
				GCC_WARN_UNDECLARED_SELECTOR = YES;
				GCC_WARN_UNINITIALIZED_AUTOS = YES_AGGRESSIVE;
				GCC_WARN_UNUSED_FUNCTION = YES;
				GCC_WARN_UNUSED_VARIABLE = YES;
				IPHONEOS_DEPLOYMENT_TARGET = 16.4;
				MTL_ENABLE_DEBUG_INFO = INCLUDE_SOURCE;
				MTL_FAST_MATH = YES;
				ONLY_ACTIVE_ARCH = YES;
				SDKROOT = iphoneos;
				SWIFT_ACTIVE_COMPILATION_CONDITIONS = DEBUG;
				SWIFT_OPTIMIZATION_LEVEL = "-Onone";
			};
			name = Debug;
		};
		57461C552AB58C540026F903 /* Release */ = {
			isa = XCBuildConfiguration;
			buildSettings = {
				ALWAYS_SEARCH_USER_PATHS = NO;
				CLANG_ANALYZER_NONNULL = YES;
				CLANG_ANALYZER_NUMBER_OBJECT_CONVERSION = YES_AGGRESSIVE;
				CLANG_CXX_LANGUAGE_STANDARD = "gnu++20";
				CLANG_ENABLE_MODULES = YES;
				CLANG_ENABLE_OBJC_ARC = YES;
				CLANG_ENABLE_OBJC_WEAK = YES;
				CLANG_WARN_BLOCK_CAPTURE_AUTORELEASING = YES;
				CLANG_WARN_BOOL_CONVERSION = YES;
				CLANG_WARN_COMMA = YES;
				CLANG_WARN_CONSTANT_CONVERSION = YES;
				CLANG_WARN_DEPRECATED_OBJC_IMPLEMENTATIONS = YES;
				CLANG_WARN_DIRECT_OBJC_ISA_USAGE = YES_ERROR;
				CLANG_WARN_DOCUMENTATION_COMMENTS = YES;
				CLANG_WARN_EMPTY_BODY = YES;
				CLANG_WARN_ENUM_CONVERSION = YES;
				CLANG_WARN_INFINITE_RECURSION = YES;
				CLANG_WARN_INT_CONVERSION = YES;
				CLANG_WARN_NON_LITERAL_NULL_CONVERSION = YES;
				CLANG_WARN_OBJC_IMPLICIT_RETAIN_SELF = YES;
				CLANG_WARN_OBJC_LITERAL_CONVERSION = YES;
				CLANG_WARN_OBJC_ROOT_CLASS = YES_ERROR;
				CLANG_WARN_QUOTED_INCLUDE_IN_FRAMEWORK_HEADER = YES;
				CLANG_WARN_RANGE_LOOP_ANALYSIS = YES;
				CLANG_WARN_STRICT_PROTOTYPES = YES;
				CLANG_WARN_SUSPICIOUS_MOVE = YES;
				CLANG_WARN_UNGUARDED_AVAILABILITY = YES_AGGRESSIVE;
				CLANG_WARN_UNREACHABLE_CODE = YES;
				CLANG_WARN__DUPLICATE_METHOD_MATCH = YES;
				COPY_PHASE_STRIP = NO;
				DEBUG_INFORMATION_FORMAT = "dwarf-with-dsym";
				ENABLE_NS_ASSERTIONS = NO;
				ENABLE_STRICT_OBJC_MSGSEND = YES;
				GCC_C_LANGUAGE_STANDARD = gnu11;
				GCC_NO_COMMON_BLOCKS = YES;
				GCC_WARN_64_TO_32_BIT_CONVERSION = YES;
				GCC_WARN_ABOUT_RETURN_TYPE = YES_ERROR;
				GCC_WARN_UNDECLARED_SELECTOR = YES;
				GCC_WARN_UNINITIALIZED_AUTOS = YES_AGGRESSIVE;
				GCC_WARN_UNUSED_FUNCTION = YES;
				GCC_WARN_UNUSED_VARIABLE = YES;
				IPHONEOS_DEPLOYMENT_TARGET = 16.4;
				MTL_ENABLE_DEBUG_INFO = NO;
				MTL_FAST_MATH = YES;
				SDKROOT = iphoneos;
				SWIFT_COMPILATION_MODE = wholemodule;
				SWIFT_OPTIMIZATION_LEVEL = "-O";
				VALIDATE_PRODUCT = YES;
			};
			name = Release;
		};
		57461C572AB58C540026F903 /* Debug */ = {
			isa = XCBuildConfiguration;
			buildSettings = {
				ASSETCATALOG_COMPILER_APPICON_NAME = AppIcon;
				ASSETCATALOG_COMPILER_GLOBAL_ACCENT_COLOR_NAME = AccentColor;
				CODE_SIGN_STYLE = Automatic;
				CURRENT_PROJECT_VERSION = 1;
				DEVELOPMENT_ASSET_PATHS = "\"PIM/Preview Content\"";
				DEVELOPMENT_TEAM = MTUYFM4K8P;
				ENABLE_PREVIEWS = YES;
				GENERATE_INFOPLIST_FILE = YES;
				INFOPLIST_FILE = PIM/Info.plist;
				INFOPLIST_KEY_UIApplicationSceneManifest_Generation = YES;
				INFOPLIST_KEY_UIApplicationSupportsIndirectInputEvents = YES;
				INFOPLIST_KEY_UILaunchScreen_Generation = YES;
				INFOPLIST_KEY_UISupportedInterfaceOrientations_iPad = "UIInterfaceOrientationPortrait UIInterfaceOrientationPortraitUpsideDown UIInterfaceOrientationLandscapeLeft UIInterfaceOrientationLandscapeRight";
				INFOPLIST_KEY_UISupportedInterfaceOrientations_iPhone = "UIInterfaceOrientationPortrait UIInterfaceOrientationLandscapeLeft UIInterfaceOrientationLandscapeRight";
				LD_RUNPATH_SEARCH_PATHS = (
					"$(inherited)",
					"@executable_path/Frameworks",
				);
				MARKETING_VERSION = 1.0;
				PRODUCT_BUNDLE_IDENTIFIER = madeline.PIM;
				PRODUCT_NAME = "$(TARGET_NAME)";
				SWIFT_EMIT_LOC_STRINGS = YES;
				SWIFT_VERSION = 5.0;
				TARGETED_DEVICE_FAMILY = "1,2";
			};
			name = Debug;
		};
		57461C582AB58C540026F903 /* Release */ = {
			isa = XCBuildConfiguration;
			buildSettings = {
				ASSETCATALOG_COMPILER_APPICON_NAME = AppIcon;
				ASSETCATALOG_COMPILER_GLOBAL_ACCENT_COLOR_NAME = AccentColor;
				CODE_SIGN_STYLE = Automatic;
				CURRENT_PROJECT_VERSION = 1;
				DEVELOPMENT_ASSET_PATHS = "\"PIM/Preview Content\"";
				DEVELOPMENT_TEAM = MTUYFM4K8P;
				ENABLE_PREVIEWS = YES;
				GENERATE_INFOPLIST_FILE = YES;
				INFOPLIST_FILE = PIM/Info.plist;
				INFOPLIST_KEY_UIApplicationSceneManifest_Generation = YES;
				INFOPLIST_KEY_UIApplicationSupportsIndirectInputEvents = YES;
				INFOPLIST_KEY_UILaunchScreen_Generation = YES;
				INFOPLIST_KEY_UISupportedInterfaceOrientations_iPad = "UIInterfaceOrientationPortrait UIInterfaceOrientationPortraitUpsideDown UIInterfaceOrientationLandscapeLeft UIInterfaceOrientationLandscapeRight";
				INFOPLIST_KEY_UISupportedInterfaceOrientations_iPhone = "UIInterfaceOrientationPortrait UIInterfaceOrientationLandscapeLeft UIInterfaceOrientationLandscapeRight";
				LD_RUNPATH_SEARCH_PATHS = (
					"$(inherited)",
					"@executable_path/Frameworks",
				);
				MARKETING_VERSION = 1.0;
				PRODUCT_BUNDLE_IDENTIFIER = madeline.PIM;
				PRODUCT_NAME = "$(TARGET_NAME)";
				SWIFT_EMIT_LOC_STRINGS = YES;
				SWIFT_VERSION = 5.0;
				TARGETED_DEVICE_FAMILY = "1,2";
			};
			name = Release;
		};
/* End XCBuildConfiguration section */

/* Begin XCConfigurationList section */
		57461C3E2AB58C520026F903 /* Build configuration list for PBXProject "PIM" */ = {
			isa = XCConfigurationList;
			buildConfigurations = (
				57461C542AB58C540026F903 /* Debug */,
				57461C552AB58C540026F903 /* Release */,
			);
			defaultConfigurationIsVisible = 0;
			defaultConfigurationName = Release;
		};
		57461C562AB58C540026F903 /* Build configuration list for PBXNativeTarget "PIM" */ = {
			isa = XCConfigurationList;
			buildConfigurations = (
				57461C572AB58C540026F903 /* Debug */,
				57461C582AB58C540026F903 /* Release */,
			);
			defaultConfigurationIsVisible = 0;
			defaultConfigurationName = Release;
		};
/* End XCConfigurationList section */

/* Begin XCVersionGroup section */
		57461C512AB58C540026F903 /* PIM.xcdatamodeld */ = {
			isa = XCVersionGroup;
			children = (
				57461C522AB58C540026F903 /* PIM.xcdatamodel */,
			);
			currentVersion = 57461C522AB58C540026F903 /* PIM.xcdatamodel */;
			path = PIM.xcdatamodeld;
			sourceTree = "<group>";
			versionGroupType = wrapper.xcdatamodel;
		};
/* End XCVersionGroup section */
	};
	rootObject = 57461C3B2AB58C520026F903 /* Project object */;
}
