// !$*UTF8*$!
{
	archiveVersion = 1;
	classes = {
	};
	objectVersion = 56;
	objects = {

/* Begin PBXBuildFile section */
		57022BF52AC45B7A00070276 /* LottieView.swift in Sources */ = {isa = PBXBuildFile; fileRef = 57022BF42AC45B7A00070276 /* LottieView.swift */; };
		57022BF82AC45C6500070276 /* Lottie in Frameworks */ = {isa = PBXBuildFile; productRef = 57022BF72AC45C6500070276 /* Lottie */; };
		573919EE2B3C433F008A7787 /* View+SwipeGesture.swift in Sources */ = {isa = PBXBuildFile; fileRef = 573919ED2B3C433F008A7787 /* View+SwipeGesture.swift */; };
		573942552ABEE80E0001906B /* Cafe24OhsquareAir-v2.0.ttf in Resources */ = {isa = PBXBuildFile; fileRef = 573942542ABEE80E0001906B /* Cafe24OhsquareAir-v2.0.ttf */; };
		573942572ABEE85C0001906B /* OnboardingMainView.swift in Sources */ = {isa = PBXBuildFile; fileRef = 573942562ABEE85C0001906B /* OnboardingMainView.swift */; };
		57461C472AB58C520026F903 /* PIMApp.swift in Sources */ = {isa = PBXBuildFile; fileRef = 57461C462AB58C520026F903 /* PIMApp.swift */; };
		57461C492AB58C520026F903 /* ContentView.swift in Sources */ = {isa = PBXBuildFile; fileRef = 57461C482AB58C520026F903 /* ContentView.swift */; };
		57461C4B2AB58C540026F903 /* Assets.xcassets in Resources */ = {isa = PBXBuildFile; fileRef = 57461C4A2AB58C540026F903 /* Assets.xcassets */; };
		57461C4E2AB58C540026F903 /* Preview Assets.xcassets in Resources */ = {isa = PBXBuildFile; fileRef = 57461C4D2AB58C540026F903 /* Preview Assets.xcassets */; };
		57461C502AB58C540026F903 /* Persistence.swift in Sources */ = {isa = PBXBuildFile; fileRef = 57461C4F2AB58C540026F903 /* Persistence.swift */; };
		57461C532AB58C540026F903 /* PIM.xcdatamodeld in Sources */ = {isa = PBXBuildFile; fileRef = 57461C512AB58C540026F903 /* PIM.xcdatamodeld */; };
		57461C5A2AB5919F0026F903 /* OnboardingView1.swift in Sources */ = {isa = PBXBuildFile; fileRef = 57461C592AB5919F0026F903 /* OnboardingView1.swift */; };
		57461C5C2AB59B070026F903 /* OnboardingView2.swift in Sources */ = {isa = PBXBuildFile; fileRef = 57461C5B2AB59B070026F903 /* OnboardingView2.swift */; };
		57461C5E2AB59D5F0026F903 /* MainView.swift in Sources */ = {isa = PBXBuildFile; fileRef = 57461C5D2AB59D5F0026F903 /* MainView.swift */; };
		57461C602AB59E0A0026F903 /* OnboardingView3.swift in Sources */ = {isa = PBXBuildFile; fileRef = 57461C5F2AB59E0A0026F903 /* OnboardingView3.swift */; };
		57461C622AB5B0220026F903 /* OnboardingView4.swift in Sources */ = {isa = PBXBuildFile; fileRef = 57461C612AB5B0220026F903 /* OnboardingView4.swift */; };
		57461C9C2AB76ABC0026F903 /* LocalNotificationManager.swift in Sources */ = {isa = PBXBuildFile; fileRef = 57461C9B2AB76ABC0026F903 /* LocalNotificationManager.swift */; };
		5762705F2B28AD7700115612 /* .gitignore in Resources */ = {isa = PBXBuildFile; fileRef = 5762705E2B28AD7700115612 /* .gitignore */; };
		576270672B299B2F00115612 /* PIM_watchApp.swift in Sources */ = {isa = PBXBuildFile; fileRef = 576270662B299B2F00115612 /* PIM_watchApp.swift */; };
		576270692B299B2F00115612 /* ContentView.swift in Sources */ = {isa = PBXBuildFile; fileRef = 576270682B299B2F00115612 /* ContentView.swift */; };
		5762706B2B299B3100115612 /* Assets.xcassets in Resources */ = {isa = PBXBuildFile; fileRef = 5762706A2B299B3100115612 /* Assets.xcassets */; };
		5762706E2B299B3100115612 /* Preview Assets.xcassets in Resources */ = {isa = PBXBuildFile; fileRef = 5762706D2B299B3100115612 /* Preview Assets.xcassets */; };
		576270712B299B3100115612 /* PIM_watch Watch App.app in Embed Watch Content */ = {isa = PBXBuildFile; fileRef = 576270642B299B2F00115612 /* PIM_watch Watch App.app */; settings = {ATTRIBUTES = (RemoveHeadersOnCopy, ); }; };
		576270772B299ED800115612 /* WatchButtonStyle.swift in Sources */ = {isa = PBXBuildFile; fileRef = 576270762B299ED800115612 /* WatchButtonStyle.swift */; };
		5762707C2B299F5600115612 /* Pretendard-Thin.ttf in Resources */ = {isa = PBXBuildFile; fileRef = 5762707B2B299F5600115612 /* Pretendard-Thin.ttf */; };
		5762707E2B299F5E00115612 /* Pretendard-SemiBold.ttf in Resources */ = {isa = PBXBuildFile; fileRef = 5762707D2B299F5E00115612 /* Pretendard-SemiBold.ttf */; };
		576270802B299F6600115612 /* Pretendard-Regular.ttf in Resources */ = {isa = PBXBuildFile; fileRef = 5762707F2B299F6600115612 /* Pretendard-Regular.ttf */; };
		576270822B299F6F00115612 /* Pretendard-Medium.ttf in Resources */ = {isa = PBXBuildFile; fileRef = 576270812B299F6F00115612 /* Pretendard-Medium.ttf */; };
		576270842B299F7700115612 /* Pretendard-Light.ttf in Resources */ = {isa = PBXBuildFile; fileRef = 576270832B299F7700115612 /* Pretendard-Light.ttf */; };
		576270862B299F8000115612 /* Pretendard-ExtraLight.ttf in Resources */ = {isa = PBXBuildFile; fileRef = 576270852B299F8000115612 /* Pretendard-ExtraLight.ttf */; };
		576270882B299F8700115612 /* Pretendard-ExtraBold.ttf in Resources */ = {isa = PBXBuildFile; fileRef = 576270872B299F8700115612 /* Pretendard-ExtraBold.ttf */; };
		5762708A2B299F8E00115612 /* Pretendard-Bold.ttf in Resources */ = {isa = PBXBuildFile; fileRef = 576270892B299F8E00115612 /* Pretendard-Bold.ttf */; };
		5762708C2B299FB500115612 /* WatchFontExtension.swift in Sources */ = {isa = PBXBuildFile; fileRef = 5762708B2B299FB500115612 /* WatchFontExtension.swift */; };
		7907B9672B374718002596E8 /* happyPimi.json in Resources */ = {isa = PBXBuildFile; fileRef = 7907B9632B374718002596E8 /* happyPimi.json */; };
		7907B9682B374718002596E8 /* sadPimi.json in Resources */ = {isa = PBXBuildFile; fileRef = 7907B9642B374718002596E8 /* sadPimi.json */; };
		7907B9692B374718002596E8 /* helloPimi.json in Resources */ = {isa = PBXBuildFile; fileRef = 7907B9652B374718002596E8 /* helloPimi.json */; };
		7907B96B2B374733002596E8 /* clockPimi.json in Resources */ = {isa = PBXBuildFile; fileRef = 7907B96A2B374733002596E8 /* clockPimi.json */; };
		7907B96D2B374773002596E8 /* happyPimiwoArms.json in Resources */ = {isa = PBXBuildFile; fileRef = 7907B96C2B374773002596E8 /* happyPimiwoArms.json */; };
		7907B96F2B374781002596E8 /* sadPimiwoArms.json in Resources */ = {isa = PBXBuildFile; fileRef = 7907B96E2B374781002596E8 /* sadPimiwoArms.json */; };
		79326FCD2B371A3F0038CD7C /* Colors.xcassets in Resources */ = {isa = PBXBuildFile; fileRef = 79326FCC2B371A3F0038CD7C /* Colors.xcassets */; };
		79326FD12B3728770038CD7C /* SettingViewModel.swift in Sources */ = {isa = PBXBuildFile; fileRef = 79326FD02B3728770038CD7C /* SettingViewModel.swift */; };
		79326FD22B3728770038CD7C /* SettingViewModel.swift in Sources */ = {isa = PBXBuildFile; fileRef = 79326FD02B3728770038CD7C /* SettingViewModel.swift */; };
		79326FD32B3736780038CD7C /* Colors.xcassets in Resources */ = {isa = PBXBuildFile; fileRef = 79326FCC2B371A3F0038CD7C /* Colors.xcassets */; };
		79326FD42B3736D30038CD7C /* ColorExtension.swift in Sources */ = {isa = PBXBuildFile; fileRef = 7954A7EE2ABA888B000D1E8F /* ColorExtension.swift */; };
		7954A7E02AB9D082000D1E8F /* SettingView.swift in Sources */ = {isa = PBXBuildFile; fileRef = 7954A7DF2AB9D082000D1E8F /* SettingView.swift */; };
		7954A7E22AB9D096000D1E8F /* SettingNotiVIew.swift in Sources */ = {isa = PBXBuildFile; fileRef = 7954A7E12AB9D096000D1E8F /* SettingNotiVIew.swift */; };
		7954A7ED2ABA8881000D1E8F /* FontExtension.swift in Sources */ = {isa = PBXBuildFile; fileRef = 7954A7EC2ABA8881000D1E8F /* FontExtension.swift */; };
		7954A7EF2ABA888B000D1E8F /* ColorExtension.swift in Sources */ = {isa = PBXBuildFile; fileRef = 7954A7EE2ABA888B000D1E8F /* ColorExtension.swift */; };
		7954A7FB2ABA88E8000D1E8F /* Pretendard-ExtraLight.ttf in Resources */ = {isa = PBXBuildFile; fileRef = 7954A7F12ABA88E7000D1E8F /* Pretendard-ExtraLight.ttf */; };
		7954A7FC2ABA88E8000D1E8F /* Pretendard-ExtraBold.ttf in Resources */ = {isa = PBXBuildFile; fileRef = 7954A7F22ABA88E7000D1E8F /* Pretendard-ExtraBold.ttf */; };
		7954A7FD2ABA88E8000D1E8F /* Pretendard-SemiBold.ttf in Resources */ = {isa = PBXBuildFile; fileRef = 7954A7F32ABA88E7000D1E8F /* Pretendard-SemiBold.ttf */; };
		7954A8002ABA88E8000D1E8F /* Pretendard-Medium.ttf in Resources */ = {isa = PBXBuildFile; fileRef = 7954A7F62ABA88E7000D1E8F /* Pretendard-Medium.ttf */; };
		7954A8012ABA88E8000D1E8F /* Pretendard-Thin.ttf in Resources */ = {isa = PBXBuildFile; fileRef = 7954A7F72ABA88E7000D1E8F /* Pretendard-Thin.ttf */; };
		7954A8022ABA88E8000D1E8F /* Pretendard-Bold.ttf in Resources */ = {isa = PBXBuildFile; fileRef = 7954A7F82ABA88E8000D1E8F /* Pretendard-Bold.ttf */; };
		7954A8032ABA88E8000D1E8F /* Pretendard-Regular.ttf in Resources */ = {isa = PBXBuildFile; fileRef = 7954A7F92ABA88E8000D1E8F /* Pretendard-Regular.ttf */; };
		7954A8042ABA88E8000D1E8F /* Pretendard-Light.ttf in Resources */ = {isa = PBXBuildFile; fileRef = 7954A7FA2ABA88E8000D1E8F /* Pretendard-Light.ttf */; };
		799B0EC82ABEEE5200AE9865 /* CustomStyle.swift in Sources */ = {isa = PBXBuildFile; fileRef = 799B0EC72ABEEE5200AE9865 /* CustomStyle.swift */; };
		799B0ECA2ABEEE9300AE9865 /* PIMCustomSlider.swift in Sources */ = {isa = PBXBuildFile; fileRef = 799B0EC92ABEEE9300AE9865 /* PIMCustomSlider.swift */; };
		79DD3B7F2AC3DCC600837E11 /* TimePickerView.swift in Sources */ = {isa = PBXBuildFile; fileRef = 79DD3B7E2AC3DCC600837E11 /* TimePickerView.swift */; };
		79FA64882B41277200DEA24D /* Launch Screen.storyboard in Resources */ = {isa = PBXBuildFile; fileRef = 79FA64872B41277200DEA24D /* Launch Screen.storyboard */; };
		79FA64A42B4143AF00DEA24D /* ViewExtension.swift in Sources */ = {isa = PBXBuildFile; fileRef = 79FA64A32B4143AF00DEA24D /* ViewExtension.swift */; };
/* End PBXBuildFile section */

/* Begin PBXContainerItemProxy section */
		5762706F2B299B3100115612 /* PBXContainerItemProxy */ = {
			isa = PBXContainerItemProxy;
			containerPortal = 57461C3B2AB58C520026F903 /* Project object */;
			proxyType = 1;
			remoteGlobalIDString = 576270632B299B2F00115612;
			remoteInfo = "PIM_watch Watch App";
		};
/* End PBXContainerItemProxy section */

/* Begin PBXCopyFilesBuildPhase section */
		576270722B299B3100115612 /* Embed Watch Content */ = {
			isa = PBXCopyFilesBuildPhase;
			buildActionMask = 2147483647;
			dstPath = "$(CONTENTS_FOLDER_PATH)/Watch";
			dstSubfolderSpec = 16;
			files = (
				576270712B299B3100115612 /* PIM_watch Watch App.app in Embed Watch Content */,
			);
			name = "Embed Watch Content";
			runOnlyForDeploymentPostprocessing = 0;
		};
/* End PBXCopyFilesBuildPhase section */

/* Begin PBXFileReference section */
		57022BF42AC45B7A00070276 /* LottieView.swift */ = {isa = PBXFileReference; lastKnownFileType = sourcecode.swift; path = LottieView.swift; sourceTree = "<group>"; };
		573919ED2B3C433F008A7787 /* View+SwipeGesture.swift */ = {isa = PBXFileReference; lastKnownFileType = sourcecode.swift; path = "View+SwipeGesture.swift"; sourceTree = "<group>"; };
		573942542ABEE80E0001906B /* Cafe24OhsquareAir-v2.0.ttf */ = {isa = PBXFileReference; lastKnownFileType = file; path = "Cafe24OhsquareAir-v2.0.ttf"; sourceTree = "<group>"; };
		573942562ABEE85C0001906B /* OnboardingMainView.swift */ = {isa = PBXFileReference; fileEncoding = 4; lastKnownFileType = sourcecode.swift; path = OnboardingMainView.swift; sourceTree = "<group>"; };
		57461C432AB58C520026F903 /* PIM.app */ = {isa = PBXFileReference; explicitFileType = wrapper.application; includeInIndex = 0; path = PIM.app; sourceTree = BUILT_PRODUCTS_DIR; };
		57461C462AB58C520026F903 /* PIMApp.swift */ = {isa = PBXFileReference; lastKnownFileType = sourcecode.swift; path = PIMApp.swift; sourceTree = "<group>"; };
		57461C482AB58C520026F903 /* ContentView.swift */ = {isa = PBXFileReference; lastKnownFileType = sourcecode.swift; path = ContentView.swift; sourceTree = "<group>"; };
		57461C4A2AB58C540026F903 /* Assets.xcassets */ = {isa = PBXFileReference; lastKnownFileType = folder.assetcatalog; path = Assets.xcassets; sourceTree = "<group>"; };
		57461C4D2AB58C540026F903 /* Preview Assets.xcassets */ = {isa = PBXFileReference; lastKnownFileType = folder.assetcatalog; path = "Preview Assets.xcassets"; sourceTree = "<group>"; };
		57461C4F2AB58C540026F903 /* Persistence.swift */ = {isa = PBXFileReference; lastKnownFileType = sourcecode.swift; path = Persistence.swift; sourceTree = "<group>"; };
		57461C522AB58C540026F903 /* PIM.xcdatamodel */ = {isa = PBXFileReference; lastKnownFileType = wrapper.xcdatamodel; path = PIM.xcdatamodel; sourceTree = "<group>"; };
		57461C592AB5919F0026F903 /* OnboardingView1.swift */ = {isa = PBXFileReference; lastKnownFileType = sourcecode.swift; path = OnboardingView1.swift; sourceTree = "<group>"; };
		57461C5B2AB59B070026F903 /* OnboardingView2.swift */ = {isa = PBXFileReference; lastKnownFileType = sourcecode.swift; path = OnboardingView2.swift; sourceTree = "<group>"; };
		57461C5D2AB59D5F0026F903 /* MainView.swift */ = {isa = PBXFileReference; lastKnownFileType = sourcecode.swift; path = MainView.swift; sourceTree = "<group>"; };
		57461C5F2AB59E0A0026F903 /* OnboardingView3.swift */ = {isa = PBXFileReference; lastKnownFileType = sourcecode.swift; path = OnboardingView3.swift; sourceTree = "<group>"; };
		57461C612AB5B0220026F903 /* OnboardingView4.swift */ = {isa = PBXFileReference; lastKnownFileType = sourcecode.swift; path = OnboardingView4.swift; sourceTree = "<group>"; };
		57461C9B2AB76ABC0026F903 /* LocalNotificationManager.swift */ = {isa = PBXFileReference; lastKnownFileType = sourcecode.swift; path = LocalNotificationManager.swift; sourceTree = "<group>"; };
		57461C9D2AB773430026F903 /* Info.plist */ = {isa = PBXFileReference; lastKnownFileType = text.plist; path = Info.plist; sourceTree = "<group>"; };
		5762705E2B28AD7700115612 /* .gitignore */ = {isa = PBXFileReference; lastKnownFileType = text; path = .gitignore; sourceTree = "<group>"; };
		576270642B299B2F00115612 /* PIM_watch Watch App.app */ = {isa = PBXFileReference; explicitFileType = wrapper.application; includeInIndex = 0; path = "PIM_watch Watch App.app"; sourceTree = BUILT_PRODUCTS_DIR; };
		576270662B299B2F00115612 /* PIM_watchApp.swift */ = {isa = PBXFileReference; lastKnownFileType = sourcecode.swift; path = PIM_watchApp.swift; sourceTree = "<group>"; };
		576270682B299B2F00115612 /* ContentView.swift */ = {isa = PBXFileReference; lastKnownFileType = sourcecode.swift; path = ContentView.swift; sourceTree = "<group>"; };
		5762706A2B299B3100115612 /* Assets.xcassets */ = {isa = PBXFileReference; lastKnownFileType = folder.assetcatalog; path = Assets.xcassets; sourceTree = "<group>"; };
		5762706D2B299B3100115612 /* Preview Assets.xcassets */ = {isa = PBXFileReference; lastKnownFileType = folder.assetcatalog; path = "Preview Assets.xcassets"; sourceTree = "<group>"; };
		576270762B299ED800115612 /* WatchButtonStyle.swift */ = {isa = PBXFileReference; lastKnownFileType = sourcecode.swift; path = WatchButtonStyle.swift; sourceTree = "<group>"; };
		5762707B2B299F5600115612 /* Pretendard-Thin.ttf */ = {isa = PBXFileReference; lastKnownFileType = file; path = "Pretendard-Thin.ttf"; sourceTree = "<group>"; };
		5762707D2B299F5E00115612 /* Pretendard-SemiBold.ttf */ = {isa = PBXFileReference; lastKnownFileType = file; path = "Pretendard-SemiBold.ttf"; sourceTree = "<group>"; };
		5762707F2B299F6600115612 /* Pretendard-Regular.ttf */ = {isa = PBXFileReference; lastKnownFileType = file; path = "Pretendard-Regular.ttf"; sourceTree = "<group>"; };
		576270812B299F6F00115612 /* Pretendard-Medium.ttf */ = {isa = PBXFileReference; lastKnownFileType = file; path = "Pretendard-Medium.ttf"; sourceTree = "<group>"; };
		576270832B299F7700115612 /* Pretendard-Light.ttf */ = {isa = PBXFileReference; lastKnownFileType = file; path = "Pretendard-Light.ttf"; sourceTree = "<group>"; };
		576270852B299F8000115612 /* Pretendard-ExtraLight.ttf */ = {isa = PBXFileReference; lastKnownFileType = file; path = "Pretendard-ExtraLight.ttf"; sourceTree = "<group>"; };
		576270872B299F8700115612 /* Pretendard-ExtraBold.ttf */ = {isa = PBXFileReference; lastKnownFileType = file; path = "Pretendard-ExtraBold.ttf"; sourceTree = "<group>"; };
		576270892B299F8E00115612 /* Pretendard-Bold.ttf */ = {isa = PBXFileReference; lastKnownFileType = file; path = "Pretendard-Bold.ttf"; sourceTree = "<group>"; };
		5762708B2B299FB500115612 /* WatchFontExtension.swift */ = {isa = PBXFileReference; lastKnownFileType = sourcecode.swift; path = WatchFontExtension.swift; sourceTree = "<group>"; };
		7907B9632B374718002596E8 /* happyPimi.json */ = {isa = PBXFileReference; fileEncoding = 4; lastKnownFileType = text.json; path = happyPimi.json; sourceTree = "<group>"; };
		7907B9642B374718002596E8 /* sadPimi.json */ = {isa = PBXFileReference; fileEncoding = 4; lastKnownFileType = text.json; path = sadPimi.json; sourceTree = "<group>"; };
		7907B9652B374718002596E8 /* helloPimi.json */ = {isa = PBXFileReference; fileEncoding = 4; lastKnownFileType = text.json; path = helloPimi.json; sourceTree = "<group>"; };
		7907B96A2B374733002596E8 /* clockPimi.json */ = {isa = PBXFileReference; fileEncoding = 4; lastKnownFileType = text.json; path = clockPimi.json; sourceTree = "<group>"; };
		7907B96C2B374773002596E8 /* happyPimiwoArms.json */ = {isa = PBXFileReference; fileEncoding = 4; lastKnownFileType = text.json; path = happyPimiwoArms.json; sourceTree = "<group>"; };
		7907B96E2B374781002596E8 /* sadPimiwoArms.json */ = {isa = PBXFileReference; fileEncoding = 4; lastKnownFileType = text.json; path = sadPimiwoArms.json; sourceTree = "<group>"; };
		79326FCC2B371A3F0038CD7C /* Colors.xcassets */ = {isa = PBXFileReference; lastKnownFileType = folder.assetcatalog; path = Colors.xcassets; sourceTree = "<group>"; };
		79326FD02B3728770038CD7C /* SettingViewModel.swift */ = {isa = PBXFileReference; fileEncoding = 4; lastKnownFileType = sourcecode.swift; path = SettingViewModel.swift; sourceTree = "<group>"; };
		7954A7DF2AB9D082000D1E8F /* SettingView.swift */ = {isa = PBXFileReference; lastKnownFileType = sourcecode.swift; path = SettingView.swift; sourceTree = "<group>"; };
		7954A7E12AB9D096000D1E8F /* SettingNotiVIew.swift */ = {isa = PBXFileReference; lastKnownFileType = sourcecode.swift; path = SettingNotiVIew.swift; sourceTree = "<group>"; };
		7954A7EC2ABA8881000D1E8F /* FontExtension.swift */ = {isa = PBXFileReference; lastKnownFileType = sourcecode.swift; path = FontExtension.swift; sourceTree = "<group>"; };
		7954A7EE2ABA888B000D1E8F /* ColorExtension.swift */ = {isa = PBXFileReference; lastKnownFileType = sourcecode.swift; path = ColorExtension.swift; sourceTree = "<group>"; };
		7954A7F12ABA88E7000D1E8F /* Pretendard-ExtraLight.ttf */ = {isa = PBXFileReference; lastKnownFileType = file; path = "Pretendard-ExtraLight.ttf"; sourceTree = "<group>"; };
		7954A7F22ABA88E7000D1E8F /* Pretendard-ExtraBold.ttf */ = {isa = PBXFileReference; lastKnownFileType = file; path = "Pretendard-ExtraBold.ttf"; sourceTree = "<group>"; };
		7954A7F32ABA88E7000D1E8F /* Pretendard-SemiBold.ttf */ = {isa = PBXFileReference; lastKnownFileType = file; path = "Pretendard-SemiBold.ttf"; sourceTree = "<group>"; };
		7954A7F62ABA88E7000D1E8F /* Pretendard-Medium.ttf */ = {isa = PBXFileReference; lastKnownFileType = file; path = "Pretendard-Medium.ttf"; sourceTree = "<group>"; };
		7954A7F72ABA88E7000D1E8F /* Pretendard-Thin.ttf */ = {isa = PBXFileReference; lastKnownFileType = file; path = "Pretendard-Thin.ttf"; sourceTree = "<group>"; };
		7954A7F82ABA88E8000D1E8F /* Pretendard-Bold.ttf */ = {isa = PBXFileReference; lastKnownFileType = file; path = "Pretendard-Bold.ttf"; sourceTree = "<group>"; };
		7954A7F92ABA88E8000D1E8F /* Pretendard-Regular.ttf */ = {isa = PBXFileReference; lastKnownFileType = file; path = "Pretendard-Regular.ttf"; sourceTree = "<group>"; };
		7954A7FA2ABA88E8000D1E8F /* Pretendard-Light.ttf */ = {isa = PBXFileReference; lastKnownFileType = file; path = "Pretendard-Light.ttf"; sourceTree = "<group>"; };
		799B0EC72ABEEE5200AE9865 /* CustomStyle.swift */ = {isa = PBXFileReference; lastKnownFileType = sourcecode.swift; path = CustomStyle.swift; sourceTree = "<group>"; };
		799B0EC92ABEEE9300AE9865 /* PIMCustomSlider.swift */ = {isa = PBXFileReference; lastKnownFileType = sourcecode.swift; path = PIMCustomSlider.swift; sourceTree = "<group>"; };
		79DD3B7E2AC3DCC600837E11 /* TimePickerView.swift */ = {isa = PBXFileReference; lastKnownFileType = sourcecode.swift; path = TimePickerView.swift; sourceTree = "<group>"; };
		79FA64872B41277200DEA24D /* Launch Screen.storyboard */ = {isa = PBXFileReference; lastKnownFileType = file.storyboard; path = "Launch Screen.storyboard"; sourceTree = "<group>"; };
		79FA64A32B4143AF00DEA24D /* ViewExtension.swift */ = {isa = PBXFileReference; lastKnownFileType = sourcecode.swift; path = ViewExtension.swift; sourceTree = "<group>"; };
/* End PBXFileReference section */

/* Begin PBXFrameworksBuildPhase section */
		57461C402AB58C520026F903 /* Frameworks */ = {
			isa = PBXFrameworksBuildPhase;
			buildActionMask = 2147483647;
			files = (
				57022BF82AC45C6500070276 /* Lottie in Frameworks */,
			);
			runOnlyForDeploymentPostprocessing = 0;
		};
		576270612B299B2F00115612 /* Frameworks */ = {
			isa = PBXFrameworksBuildPhase;
			buildActionMask = 2147483647;
			files = (
			);
			runOnlyForDeploymentPostprocessing = 0;
		};
/* End PBXFrameworksBuildPhase section */

/* Begin PBXGroup section */
		57022BF92AC45DE400070276 /* LottieFile */ = {
			isa = PBXGroup;
			children = (
				7907B96A2B374733002596E8 /* clockPimi.json */,
				7907B9632B374718002596E8 /* happyPimi.json */,
				7907B96E2B374781002596E8 /* sadPimiwoArms.json */,
				7907B96C2B374773002596E8 /* happyPimiwoArms.json */,
				7907B9652B374718002596E8 /* helloPimi.json */,
				7907B9642B374718002596E8 /* sadPimi.json */,
			);
			path = LottieFile;
			sourceTree = "<group>";
		};
		573942582ABEE8820001906B /* View */ = {
			isa = PBXGroup;
			children = (
				7954A7DE2AB9D069000D1E8F /* Settings */,
				57022BF42AC45B7A00070276 /* LottieView.swift */,
				57461C5D2AB59D5F0026F903 /* MainView.swift */,
				573942592ABEE88B0001906B /* Onboarding */,
			);
			path = View;
			sourceTree = "<group>";
		};
		573942592ABEE88B0001906B /* Onboarding */ = {
			isa = PBXGroup;
			children = (
				573942562ABEE85C0001906B /* OnboardingMainView.swift */,
				57461C592AB5919F0026F903 /* OnboardingView1.swift */,
				57461C5B2AB59B070026F903 /* OnboardingView2.swift */,
				57461C5F2AB59E0A0026F903 /* OnboardingView3.swift */,
				57461C612AB5B0220026F903 /* OnboardingView4.swift */,
			);
			path = Onboarding;
			sourceTree = "<group>";
		};
		57461C3A2AB58C520026F903 = {
			isa = PBXGroup;
			children = (
				79FA64872B41277200DEA24D /* Launch Screen.storyboard */,
				5762705E2B28AD7700115612 /* .gitignore */,
				57461C452AB58C520026F903 /* PIM */,
				576270652B299B2F00115612 /* PIM_watch Watch App */,
				57461C442AB58C520026F903 /* Products */,
			);
			sourceTree = "<group>";
		};
		57461C442AB58C520026F903 /* Products */ = {
			isa = PBXGroup;
			children = (
				57461C432AB58C520026F903 /* PIM.app */,
				576270642B299B2F00115612 /* PIM_watch Watch App.app */,
			);
			name = Products;
			sourceTree = "<group>";
		};
		57461C452AB58C520026F903 /* PIM */ = {
			isa = PBXGroup;
			children = (
				57461C462AB58C520026F903 /* PIMApp.swift */,
				57461C482AB58C520026F903 /* ContentView.swift */,
				57022BF92AC45DE400070276 /* LottieFile */,
				7954A7EB2ABA8862000D1E8F /* Extension */,
				573942582ABEE8820001906B /* View */,
				57461C9B2AB76ABC0026F903 /* LocalNotificationManager.swift */,
				57461C9D2AB773430026F903 /* Info.plist */,
				57461C4A2AB58C540026F903 /* Assets.xcassets */,
				79326FCC2B371A3F0038CD7C /* Colors.xcassets */,
				57461C4F2AB58C540026F903 /* Persistence.swift */,
				57461C512AB58C540026F903 /* PIM.xcdatamodeld */,
				57461C4C2AB58C540026F903 /* Preview Content */,
			);
			path = PIM;
			sourceTree = "<group>";
		};
		57461C4C2AB58C540026F903 /* Preview Content */ = {
			isa = PBXGroup;
			children = (
				57461C4D2AB58C540026F903 /* Preview Assets.xcassets */,
			);
			path = "Preview Content";
			sourceTree = "<group>";
		};
		576270652B299B2F00115612 /* PIM_watch Watch App */ = {
			isa = PBXGroup;
			children = (
				5762707A2B299F2100115612 /* Font */,
				576270662B299B2F00115612 /* PIM_watchApp.swift */,
				576270682B299B2F00115612 /* ContentView.swift */,
				576270762B299ED800115612 /* WatchButtonStyle.swift */,
				5762708B2B299FB500115612 /* WatchFontExtension.swift */,
				5762706A2B299B3100115612 /* Assets.xcassets */,
				5762706C2B299B3100115612 /* Preview Content */,
			);
			path = "PIM_watch Watch App";
			sourceTree = "<group>";
		};
		5762706C2B299B3100115612 /* Preview Content */ = {
			isa = PBXGroup;
			children = (
				5762706D2B299B3100115612 /* Preview Assets.xcassets */,
			);
			path = "Preview Content";
			sourceTree = "<group>";
		};
		5762707A2B299F2100115612 /* Font */ = {
			isa = PBXGroup;
			children = (
				576270892B299F8E00115612 /* Pretendard-Bold.ttf */,
				576270872B299F8700115612 /* Pretendard-ExtraBold.ttf */,
				576270852B299F8000115612 /* Pretendard-ExtraLight.ttf */,
				576270832B299F7700115612 /* Pretendard-Light.ttf */,
				576270812B299F6F00115612 /* Pretendard-Medium.ttf */,
				5762707F2B299F6600115612 /* Pretendard-Regular.ttf */,
				5762707D2B299F5E00115612 /* Pretendard-SemiBold.ttf */,
				5762707B2B299F5600115612 /* Pretendard-Thin.ttf */,
			);
			path = Font;
			sourceTree = "<group>";
		};
		7954A7DE2AB9D069000D1E8F /* Settings */ = {
			isa = PBXGroup;
			children = (
				7954A7DF2AB9D082000D1E8F /* SettingView.swift */,
				79DD3B7E2AC3DCC600837E11 /* TimePickerView.swift */,
				79326FD02B3728770038CD7C /* SettingViewModel.swift */,
				7954A7E12AB9D096000D1E8F /* SettingNotiVIew.swift */,
				799B0EC92ABEEE9300AE9865 /* PIMCustomSlider.swift */,
			);
			path = Settings;
			sourceTree = "<group>";
		};
		7954A7EB2ABA8862000D1E8F /* Extension */ = {
			isa = PBXGroup;
			children = (
				573919ED2B3C433F008A7787 /* View+SwipeGesture.swift */,
				79FA64A32B4143AF00DEA24D /* ViewExtension.swift */,
				7954A7EE2ABA888B000D1E8F /* ColorExtension.swift */,
				7954A7EC2ABA8881000D1E8F /* FontExtension.swift */,
				799B0EC62ABEEE3D00AE9865 /* Style */,
				7954A7F02ABA88C0000D1E8F /* Font */,
			);
			path = Extension;
			sourceTree = "<group>";
		};
		7954A7F02ABA88C0000D1E8F /* Font */ = {
			isa = PBXGroup;
			children = (
				573942542ABEE80E0001906B /* Cafe24OhsquareAir-v2.0.ttf */,
				7954A7F82ABA88E8000D1E8F /* Pretendard-Bold.ttf */,
				7954A7F22ABA88E7000D1E8F /* Pretendard-ExtraBold.ttf */,
				7954A7F12ABA88E7000D1E8F /* Pretendard-ExtraLight.ttf */,
				7954A7FA2ABA88E8000D1E8F /* Pretendard-Light.ttf */,
				7954A7F62ABA88E7000D1E8F /* Pretendard-Medium.ttf */,
				7954A7F92ABA88E8000D1E8F /* Pretendard-Regular.ttf */,
				7954A7F32ABA88E7000D1E8F /* Pretendard-SemiBold.ttf */,
				7954A7F72ABA88E7000D1E8F /* Pretendard-Thin.ttf */,
			);
			path = Font;
			sourceTree = "<group>";
		};
		799B0EC62ABEEE3D00AE9865 /* Style */ = {
			isa = PBXGroup;
			children = (
				799B0EC72ABEEE5200AE9865 /* CustomStyle.swift */,
			);
			path = Style;
			sourceTree = "<group>";
		};
/* End PBXGroup section */

/* Begin PBXNativeTarget section */
		57461C422AB58C520026F903 /* PIM */ = {
			isa = PBXNativeTarget;
			buildConfigurationList = 57461C562AB58C540026F903 /* Build configuration list for PBXNativeTarget "PIM" */;
			buildPhases = (
				57461C3F2AB58C520026F903 /* Sources */,
				57461C402AB58C520026F903 /* Frameworks */,
				57461C412AB58C520026F903 /* Resources */,
				576270722B299B3100115612 /* Embed Watch Content */,
			);
			buildRules = (
			);
			dependencies = (
				576270702B299B3100115612 /* PBXTargetDependency */,
			);
			name = PIM;
			packageProductDependencies = (
				57022BF72AC45C6500070276 /* Lottie */,
			);
			productName = PIM;
			productReference = 57461C432AB58C520026F903 /* PIM.app */;
			productType = "com.apple.product-type.application";
		};
		576270632B299B2F00115612 /* PIM_watch Watch App */ = {
			isa = PBXNativeTarget;
			buildConfigurationList = 576270752B299B3100115612 /* Build configuration list for PBXNativeTarget "PIM_watch Watch App" */;
			buildPhases = (
				576270602B299B2F00115612 /* Sources */,
				576270612B299B2F00115612 /* Frameworks */,
				576270622B299B2F00115612 /* Resources */,
			);
			buildRules = (
			);
			dependencies = (
			);
			name = "PIM_watch Watch App";
			productName = "PIM_watch Watch App";
			productReference = 576270642B299B2F00115612 /* PIM_watch Watch App.app */;
			productType = "com.apple.product-type.application";
		};
/* End PBXNativeTarget section */

/* Begin PBXProject section */
		57461C3B2AB58C520026F903 /* Project object */ = {
			isa = PBXProject;
			attributes = {
				BuildIndependentTargetsInParallel = 1;
				LastSwiftUpdateCheck = 1500;
				LastUpgradeCheck = 1430;
				TargetAttributes = {
					57461C422AB58C520026F903 = {
						CreatedOnToolsVersion = 14.3.1;
					};
					576270632B299B2F00115612 = {
						CreatedOnToolsVersion = 15.0.1;
					};
				};
			};
			buildConfigurationList = 57461C3E2AB58C520026F903 /* Build configuration list for PBXProject "PIM" */;
			compatibilityVersion = "Xcode 14.0";
			developmentRegion = en;
			hasScannedForEncodings = 0;
			knownRegions = (
				en,
				Base,
			);
			mainGroup = 57461C3A2AB58C520026F903;
			packageReferences = (
				57022BF62AC45C6500070276 /* XCRemoteSwiftPackageReference "lottie-ios" */,
			);
			productRefGroup = 57461C442AB58C520026F903 /* Products */;
			projectDirPath = "";
			projectRoot = "";
			targets = (
				57461C422AB58C520026F903 /* PIM */,
				576270632B299B2F00115612 /* PIM_watch Watch App */,
			);
		};
/* End PBXProject section */

/* Begin PBXResourcesBuildPhase section */
		57461C412AB58C520026F903 /* Resources */ = {
			isa = PBXResourcesBuildPhase;
			buildActionMask = 2147483647;
			files = (
				5762705F2B28AD7700115612 /* .gitignore in Resources */,
				7907B9692B374718002596E8 /* helloPimi.json in Resources */,
				7954A8012ABA88E8000D1E8F /* Pretendard-Thin.ttf in Resources */,
				7954A8032ABA88E8000D1E8F /* Pretendard-Regular.ttf in Resources */,
				7907B9672B374718002596E8 /* happyPimi.json in Resources */,
				7954A8002ABA88E8000D1E8F /* Pretendard-Medium.ttf in Resources */,
				7954A7FB2ABA88E8000D1E8F /* Pretendard-ExtraLight.ttf in Resources */,
				57461C4E2AB58C540026F903 /* Preview Assets.xcassets in Resources */,
				7907B96D2B374773002596E8 /* happyPimiwoArms.json in Resources */,
				7954A8042ABA88E8000D1E8F /* Pretendard-Light.ttf in Resources */,
				7907B96B2B374733002596E8 /* clockPimi.json in Resources */,
				7954A7FD2ABA88E8000D1E8F /* Pretendard-SemiBold.ttf in Resources */,
				7954A8022ABA88E8000D1E8F /* Pretendard-Bold.ttf in Resources */,
				57461C4B2AB58C540026F903 /* Assets.xcassets in Resources */,
				7907B9682B374718002596E8 /* sadPimi.json in Resources */,
				7907B96F2B374781002596E8 /* sadPimiwoArms.json in Resources */,
				7954A7FC2ABA88E8000D1E8F /* Pretendard-ExtraBold.ttf in Resources */,
				79326FCD2B371A3F0038CD7C /* Colors.xcassets in Resources */,
				79FA64882B41277200DEA24D /* Launch Screen.storyboard in Resources */,
				573942552ABEE80E0001906B /* Cafe24OhsquareAir-v2.0.ttf in Resources */,
			);
			runOnlyForDeploymentPostprocessing = 0;
		};
		576270622B299B2F00115612 /* Resources */ = {
			isa = PBXResourcesBuildPhase;
			buildActionMask = 2147483647;
			files = (
				576270882B299F8700115612 /* Pretendard-ExtraBold.ttf in Resources */,
				5762707E2B299F5E00115612 /* Pretendard-SemiBold.ttf in Resources */,
				79326FD32B3736780038CD7C /* Colors.xcassets in Resources */,
				5762707C2B299F5600115612 /* Pretendard-Thin.ttf in Resources */,
				576270822B299F6F00115612 /* Pretendard-Medium.ttf in Resources */,
				576270802B299F6600115612 /* Pretendard-Regular.ttf in Resources */,
				5762706E2B299B3100115612 /* Preview Assets.xcassets in Resources */,
				5762708A2B299F8E00115612 /* Pretendard-Bold.ttf in Resources */,
				5762706B2B299B3100115612 /* Assets.xcassets in Resources */,
				576270842B299F7700115612 /* Pretendard-Light.ttf in Resources */,
				576270862B299F8000115612 /* Pretendard-ExtraLight.ttf in Resources */,
			);
			runOnlyForDeploymentPostprocessing = 0;
		};
/* End PBXResourcesBuildPhase section */

/* Begin PBXSourcesBuildPhase section */
		57461C3F2AB58C520026F903 /* Sources */ = {
			isa = PBXSourcesBuildPhase;
			buildActionMask = 2147483647;
			files = (
				7954A7ED2ABA8881000D1E8F /* FontExtension.swift in Sources */,
				79DD3B7F2AC3DCC600837E11 /* TimePickerView.swift in Sources */,
				57461C9C2AB76ABC0026F903 /* LocalNotificationManager.swift in Sources */,
				57461C622AB5B0220026F903 /* OnboardingView4.swift in Sources */,
				57461C502AB58C540026F903 /* Persistence.swift in Sources */,
				7954A7E02AB9D082000D1E8F /* SettingView.swift in Sources */,
				79FA64A42B4143AF00DEA24D /* ViewExtension.swift in Sources */,
				57461C602AB59E0A0026F903 /* OnboardingView3.swift in Sources */,
				57461C5E2AB59D5F0026F903 /* MainView.swift in Sources */,
				57461C492AB58C520026F903 /* ContentView.swift in Sources */,
				799B0EC82ABEEE5200AE9865 /* CustomStyle.swift in Sources */,
				7954A7EF2ABA888B000D1E8F /* ColorExtension.swift in Sources */,
				57461C532AB58C540026F903 /* PIM.xcdatamodeld in Sources */,
				57022BF52AC45B7A00070276 /* LottieView.swift in Sources */,
				57461C472AB58C520026F903 /* PIMApp.swift in Sources */,
				7954A7E22AB9D096000D1E8F /* SettingNotiVIew.swift in Sources */,
				79326FD12B3728770038CD7C /* SettingViewModel.swift in Sources */,
				573919EE2B3C433F008A7787 /* View+SwipeGesture.swift in Sources */,
				57461C5C2AB59B070026F903 /* OnboardingView2.swift in Sources */,
				573942572ABEE85C0001906B /* OnboardingMainView.swift in Sources */,
				57461C5A2AB5919F0026F903 /* OnboardingView1.swift in Sources */,
				799B0ECA2ABEEE9300AE9865 /* PIMCustomSlider.swift in Sources */,
			);
			runOnlyForDeploymentPostprocessing = 0;
		};
		576270602B299B2F00115612 /* Sources */ = {
			isa = PBXSourcesBuildPhase;
			buildActionMask = 2147483647;
			files = (
				576270692B299B2F00115612 /* ContentView.swift in Sources */,
				79326FD22B3728770038CD7C /* SettingViewModel.swift in Sources */,
				576270772B299ED800115612 /* WatchButtonStyle.swift in Sources */,
				576270672B299B2F00115612 /* PIM_watchApp.swift in Sources */,
				79326FD42B3736D30038CD7C /* ColorExtension.swift in Sources */,
				5762708C2B299FB500115612 /* WatchFontExtension.swift in Sources */,
			);
			runOnlyForDeploymentPostprocessing = 0;
		};
/* End PBXSourcesBuildPhase section */

/* Begin PBXTargetDependency section */
		576270702B299B3100115612 /* PBXTargetDependency */ = {
			isa = PBXTargetDependency;
			target = 576270632B299B2F00115612 /* PIM_watch Watch App */;
			targetProxy = 5762706F2B299B3100115612 /* PBXContainerItemProxy */;
		};
/* End PBXTargetDependency section */

/* Begin XCBuildConfiguration section */
		57461C542AB58C540026F903 /* Debug */ = {
			isa = XCBuildConfiguration;
			buildSettings = {
				ALWAYS_SEARCH_USER_PATHS = NO;
				CLANG_ANALYZER_NONNULL = YES;
				CLANG_ANALYZER_NUMBER_OBJECT_CONVERSION = YES_AGGRESSIVE;
				CLANG_CXX_LANGUAGE_STANDARD = "gnu++20";
				CLANG_ENABLE_MODULES = YES;
				CLANG_ENABLE_OBJC_ARC = YES;
				CLANG_ENABLE_OBJC_WEAK = YES;
				CLANG_WARN_BLOCK_CAPTURE_AUTORELEASING = YES;
				CLANG_WARN_BOOL_CONVERSION = YES;
				CLANG_WARN_COMMA = YES;
				CLANG_WARN_CONSTANT_CONVERSION = YES;
				CLANG_WARN_DEPRECATED_OBJC_IMPLEMENTATIONS = YES;
				CLANG_WARN_DIRECT_OBJC_ISA_USAGE = YES_ERROR;
				CLANG_WARN_DOCUMENTATION_COMMENTS = YES;
				CLANG_WARN_EMPTY_BODY = YES;
				CLANG_WARN_ENUM_CONVERSION = YES;
				CLANG_WARN_INFINITE_RECURSION = YES;
				CLANG_WARN_INT_CONVERSION = YES;
				CLANG_WARN_NON_LITERAL_NULL_CONVERSION = YES;
				CLANG_WARN_OBJC_IMPLICIT_RETAIN_SELF = YES;
				CLANG_WARN_OBJC_LITERAL_CONVERSION = YES;
				CLANG_WARN_OBJC_ROOT_CLASS = YES_ERROR;
				CLANG_WARN_QUOTED_INCLUDE_IN_FRAMEWORK_HEADER = YES;
				CLANG_WARN_RANGE_LOOP_ANALYSIS = YES;
				CLANG_WARN_STRICT_PROTOTYPES = YES;
				CLANG_WARN_SUSPICIOUS_MOVE = YES;
				CLANG_WARN_UNGUARDED_AVAILABILITY = YES_AGGRESSIVE;
				CLANG_WARN_UNREACHABLE_CODE = YES;
				CLANG_WARN__DUPLICATE_METHOD_MATCH = YES;
				COPY_PHASE_STRIP = NO;
				DEBUG_INFORMATION_FORMAT = dwarf;
				ENABLE_STRICT_OBJC_MSGSEND = YES;
				ENABLE_TESTABILITY = YES;
				GCC_C_LANGUAGE_STANDARD = gnu11;
				GCC_DYNAMIC_NO_PIC = NO;
				GCC_NO_COMMON_BLOCKS = YES;
				GCC_OPTIMIZATION_LEVEL = 0;
				GCC_PREPROCESSOR_DEFINITIONS = (
					"DEBUG=1",
					"$(inherited)",
				);
				GCC_WARN_64_TO_32_BIT_CONVERSION = YES;
				GCC_WARN_ABOUT_RETURN_TYPE = YES_ERROR;
				GCC_WARN_UNDECLARED_SELECTOR = YES;
				GCC_WARN_UNINITIALIZED_AUTOS = YES_AGGRESSIVE;
				GCC_WARN_UNUSED_FUNCTION = YES;
				GCC_WARN_UNUSED_VARIABLE = YES;
				IPHONEOS_DEPLOYMENT_TARGET = 17.0;
				MTL_ENABLE_DEBUG_INFO = INCLUDE_SOURCE;
				MTL_FAST_MATH = YES;
				ONLY_ACTIVE_ARCH = YES;
				SDKROOT = iphoneos;
				SWIFT_ACTIVE_COMPILATION_CONDITIONS = DEBUG;
				SWIFT_OPTIMIZATION_LEVEL = "-Onone";
			};
			name = Debug;
		};
		57461C552AB58C540026F903 /* Release */ = {
			isa = XCBuildConfiguration;
			buildSettings = {
				ALWAYS_SEARCH_USER_PATHS = NO;
				CLANG_ANALYZER_NONNULL = YES;
				CLANG_ANALYZER_NUMBER_OBJECT_CONVERSION = YES_AGGRESSIVE;
				CLANG_CXX_LANGUAGE_STANDARD = "gnu++20";
				CLANG_ENABLE_MODULES = YES;
				CLANG_ENABLE_OBJC_ARC = YES;
				CLANG_ENABLE_OBJC_WEAK = YES;
				CLANG_WARN_BLOCK_CAPTURE_AUTORELEASING = YES;
				CLANG_WARN_BOOL_CONVERSION = YES;
				CLANG_WARN_COMMA = YES;
				CLANG_WARN_CONSTANT_CONVERSION = YES;
				CLANG_WARN_DEPRECATED_OBJC_IMPLEMENTATIONS = YES;
				CLANG_WARN_DIRECT_OBJC_ISA_USAGE = YES_ERROR;
				CLANG_WARN_DOCUMENTATION_COMMENTS = YES;
				CLANG_WARN_EMPTY_BODY = YES;
				CLANG_WARN_ENUM_CONVERSION = YES;
				CLANG_WARN_INFINITE_RECURSION = YES;
				CLANG_WARN_INT_CONVERSION = YES;
				CLANG_WARN_NON_LITERAL_NULL_CONVERSION = YES;
				CLANG_WARN_OBJC_IMPLICIT_RETAIN_SELF = YES;
				CLANG_WARN_OBJC_LITERAL_CONVERSION = YES;
				CLANG_WARN_OBJC_ROOT_CLASS = YES_ERROR;
				CLANG_WARN_QUOTED_INCLUDE_IN_FRAMEWORK_HEADER = YES;
				CLANG_WARN_RANGE_LOOP_ANALYSIS = YES;
				CLANG_WARN_STRICT_PROTOTYPES = YES;
				CLANG_WARN_SUSPICIOUS_MOVE = YES;
				CLANG_WARN_UNGUARDED_AVAILABILITY = YES_AGGRESSIVE;
				CLANG_WARN_UNREACHABLE_CODE = YES;
				CLANG_WARN__DUPLICATE_METHOD_MATCH = YES;
				COPY_PHASE_STRIP = NO;
				DEBUG_INFORMATION_FORMAT = "dwarf-with-dsym";
				ENABLE_NS_ASSERTIONS = NO;
				ENABLE_STRICT_OBJC_MSGSEND = YES;
				GCC_C_LANGUAGE_STANDARD = gnu11;
				GCC_NO_COMMON_BLOCKS = YES;
				GCC_WARN_64_TO_32_BIT_CONVERSION = YES;
				GCC_WARN_ABOUT_RETURN_TYPE = YES_ERROR;
				GCC_WARN_UNDECLARED_SELECTOR = YES;
				GCC_WARN_UNINITIALIZED_AUTOS = YES_AGGRESSIVE;
				GCC_WARN_UNUSED_FUNCTION = YES;
				GCC_WARN_UNUSED_VARIABLE = YES;
				IPHONEOS_DEPLOYMENT_TARGET = 17.0;
				MTL_ENABLE_DEBUG_INFO = NO;
				MTL_FAST_MATH = YES;
				SDKROOT = iphoneos;
				SWIFT_COMPILATION_MODE = wholemodule;
				SWIFT_OPTIMIZATION_LEVEL = "-O";
				VALIDATE_PRODUCT = YES;
			};
			name = Release;
		};
		57461C572AB58C540026F903 /* Debug */ = {
			isa = XCBuildConfiguration;
			buildSettings = {
				ALWAYS_EMBED_SWIFT_STANDARD_LIBRARIES = YES;
				ASSETCATALOG_COMPILER_APPICON_NAME = AppIcon;
				ASSETCATALOG_COMPILER_GLOBAL_ACCENT_COLOR_NAME = AccentColor;
				CODE_SIGN_STYLE = Automatic;
				CURRENT_PROJECT_VERSION = 1;
				DEVELOPMENT_ASSET_PATHS = "\"PIM/Preview Content\"";
				DEVELOPMENT_TEAM = MTUYFM4K8P;
				ENABLE_PREVIEWS = YES;
				GENERATE_INFOPLIST_FILE = YES;
				INFOPLIST_FILE = PIM/Info.plist;
				INFOPLIST_KEY_LSApplicationCategoryType = "";
				INFOPLIST_KEY_UIApplicationSceneManifest_Generation = YES;
				INFOPLIST_KEY_UIApplicationSupportsIndirectInputEvents = YES;
				INFOPLIST_KEY_UILaunchStoryboardName = "Launch Screen";
				INFOPLIST_KEY_UISupportedInterfaceOrientations_iPad = "UIInterfaceOrientationPortrait UIInterfaceOrientationPortraitUpsideDown UIInterfaceOrientationLandscapeLeft UIInterfaceOrientationLandscapeRight";
				INFOPLIST_KEY_UISupportedInterfaceOrientations_iPhone = "UIInterfaceOrientationPortrait UIInterfaceOrientationLandscapeLeft UIInterfaceOrientationLandscapeRight";
				LD_RUNPATH_SEARCH_PATHS = (
					"$(inherited)",
					"@executable_path/Frameworks",
				);
				MARKETING_VERSION = 1.0;
				PRODUCT_BUNDLE_IDENTIFIER = madeline.PIM;
				PRODUCT_NAME = "$(TARGET_NAME)";
				SWIFT_EMIT_LOC_STRINGS = YES;
				SWIFT_VERSION = 5.0;
				TARGETED_DEVICE_FAMILY = "1,2";
			};
			name = Debug;
		};
		57461C582AB58C540026F903 /* Release */ = {
			isa = XCBuildConfiguration;
			buildSettings = {
				ALWAYS_EMBED_SWIFT_STANDARD_LIBRARIES = YES;
				ASSETCATALOG_COMPILER_APPICON_NAME = AppIcon;
				ASSETCATALOG_COMPILER_GLOBAL_ACCENT_COLOR_NAME = AccentColor;
				CODE_SIGN_STYLE = Automatic;
				CURRENT_PROJECT_VERSION = 1;
				DEVELOPMENT_ASSET_PATHS = "\"PIM/Preview Content\"";
				DEVELOPMENT_TEAM = MTUYFM4K8P;
				ENABLE_PREVIEWS = YES;
				GENERATE_INFOPLIST_FILE = YES;
				INFOPLIST_FILE = PIM/Info.plist;
				INFOPLIST_KEY_LSApplicationCategoryType = "";
				INFOPLIST_KEY_UIApplicationSceneManifest_Generation = YES;
				INFOPLIST_KEY_UIApplicationSupportsIndirectInputEvents = YES;
				INFOPLIST_KEY_UILaunchStoryboardName = "Launch Screen";
				INFOPLIST_KEY_UISupportedInterfaceOrientations_iPad = "UIInterfaceOrientationPortrait UIInterfaceOrientationPortraitUpsideDown UIInterfaceOrientationLandscapeLeft UIInterfaceOrientationLandscapeRight";
				INFOPLIST_KEY_UISupportedInterfaceOrientations_iPhone = "UIInterfaceOrientationPortrait UIInterfaceOrientationLandscapeLeft UIInterfaceOrientationLandscapeRight";
				LD_RUNPATH_SEARCH_PATHS = (
					"$(inherited)",
					"@executable_path/Frameworks",
				);
				MARKETING_VERSION = 1.0;
				PRODUCT_BUNDLE_IDENTIFIER = madeline.PIM;
				PRODUCT_NAME = "$(TARGET_NAME)";
				SWIFT_EMIT_LOC_STRINGS = YES;
				SWIFT_VERSION = 5.0;
				TARGETED_DEVICE_FAMILY = "1,2";
			};
			name = Release;
		};
		576270732B299B3100115612 /* Debug */ = {
			isa = XCBuildConfiguration;
			buildSettings = {
				ASSETCATALOG_COMPILER_APPICON_NAME = AppIcon;
				ASSETCATALOG_COMPILER_GENERATE_ASSET_SYMBOL_FRAMEWORKS = SwiftUI;
				ASSETCATALOG_COMPILER_GENERATE_SWIFT_ASSET_SYMBOL_EXTENSIONS = NO;
				ASSETCATALOG_COMPILER_GLOBAL_ACCENT_COLOR_NAME = AccentColor;
				CODE_SIGN_STYLE = Automatic;
				CURRENT_PROJECT_VERSION = 1;
				DEVELOPMENT_ASSET_PATHS = "\"PIM_watch Watch App/Preview Content\"";
				DEVELOPMENT_TEAM = MTUYFM4K8P;
				ENABLE_PREVIEWS = YES;
				ENABLE_USER_SCRIPT_SANDBOXING = YES;
				GCC_C_LANGUAGE_STANDARD = gnu17;
				GENERATE_INFOPLIST_FILE = YES;
				INFOPLIST_KEY_CFBundleDisplayName = PIM_watch;
				INFOPLIST_KEY_UISupportedInterfaceOrientations = "UIInterfaceOrientationPortrait UIInterfaceOrientationPortraitUpsideDown";
				INFOPLIST_KEY_WKCompanionAppBundleIdentifier = madeline.PIM;
				INFOPLIST_KEY_WKRunsIndependentlyOfCompanionApp = YES;
				LD_RUNPATH_SEARCH_PATHS = (
					"$(inherited)",
					"@executable_path/Frameworks",
				);
				LOCALIZATION_PREFERS_STRING_CATALOGS = YES;
				MARKETING_VERSION = 1.0;
				PRODUCT_BUNDLE_IDENTIFIER = madeline.PIM.watchkitapp;
				PRODUCT_NAME = "$(TARGET_NAME)";
				SDKROOT = watchos;
				SKIP_INSTALL = YES;
				SWIFT_ACTIVE_COMPILATION_CONDITIONS = "DEBUG $(inherited)";
				SWIFT_EMIT_LOC_STRINGS = YES;
				SWIFT_VERSION = 5.0;
				TARGETED_DEVICE_FAMILY = 4;
				WATCHOS_DEPLOYMENT_TARGET = 10.0;
			};
			name = Debug;
		};
		576270742B299B3100115612 /* Release */ = {
			isa = XCBuildConfiguration;
			buildSettings = {
				ASSETCATALOG_COMPILER_APPICON_NAME = AppIcon;
				ASSETCATALOG_COMPILER_GENERATE_ASSET_SYMBOL_FRAMEWORKS = SwiftUI;
				ASSETCATALOG_COMPILER_GENERATE_SWIFT_ASSET_SYMBOL_EXTENSIONS = NO;
				ASSETCATALOG_COMPILER_GLOBAL_ACCENT_COLOR_NAME = AccentColor;
				CODE_SIGN_STYLE = Automatic;
				CURRENT_PROJECT_VERSION = 1;
				DEVELOPMENT_ASSET_PATHS = "\"PIM_watch Watch App/Preview Content\"";
				DEVELOPMENT_TEAM = MTUYFM4K8P;
				ENABLE_PREVIEWS = YES;
				ENABLE_USER_SCRIPT_SANDBOXING = YES;
				GCC_C_LANGUAGE_STANDARD = gnu17;
				GENERATE_INFOPLIST_FILE = YES;
				INFOPLIST_KEY_CFBundleDisplayName = PIM_watch;
				INFOPLIST_KEY_UISupportedInterfaceOrientations = "UIInterfaceOrientationPortrait UIInterfaceOrientationPortraitUpsideDown";
				INFOPLIST_KEY_WKCompanionAppBundleIdentifier = madeline.PIM;
				INFOPLIST_KEY_WKRunsIndependentlyOfCompanionApp = YES;
				LD_RUNPATH_SEARCH_PATHS = (
					"$(inherited)",
					"@executable_path/Frameworks",
				);
				LOCALIZATION_PREFERS_STRING_CATALOGS = YES;
				MARKETING_VERSION = 1.0;
				PRODUCT_BUNDLE_IDENTIFIER = madeline.PIM.watchkitapp;
				PRODUCT_NAME = "$(TARGET_NAME)";
				SDKROOT = watchos;
				SKIP_INSTALL = YES;
				SWIFT_EMIT_LOC_STRINGS = YES;
				SWIFT_VERSION = 5.0;
				TARGETED_DEVICE_FAMILY = 4;
				WATCHOS_DEPLOYMENT_TARGET = 10.0;
			};
			name = Release;
		};
/* End XCBuildConfiguration section */

/* Begin XCConfigurationList section */
		57461C3E2AB58C520026F903 /* Build configuration list for PBXProject "PIM" */ = {
			isa = XCConfigurationList;
			buildConfigurations = (
				57461C542AB58C540026F903 /* Debug */,
				57461C552AB58C540026F903 /* Release */,
			);
			defaultConfigurationIsVisible = 0;
			defaultConfigurationName = Release;
		};
		57461C562AB58C540026F903 /* Build configuration list for PBXNativeTarget "PIM" */ = {
			isa = XCConfigurationList;
			buildConfigurations = (
				57461C572AB58C540026F903 /* Debug */,
				57461C582AB58C540026F903 /* Release */,
			);
			defaultConfigurationIsVisible = 0;
			defaultConfigurationName = Release;
		};
		576270752B299B3100115612 /* Build configuration list for PBXNativeTarget "PIM_watch Watch App" */ = {
			isa = XCConfigurationList;
			buildConfigurations = (
				576270732B299B3100115612 /* Debug */,
				576270742B299B3100115612 /* Release */,
			);
			defaultConfigurationIsVisible = 0;
			defaultConfigurationName = Release;
		};
/* End XCConfigurationList section */

/* Begin XCRemoteSwiftPackageReference section */
		57022BF62AC45C6500070276 /* XCRemoteSwiftPackageReference "lottie-ios" */ = {
			isa = XCRemoteSwiftPackageReference;
			repositoryURL = "https://github.com/airbnb/lottie-ios";
			requirement = {
				kind = upToNextMajorVersion;
				minimumVersion = 4.0.0;
			};
		};
/* End XCRemoteSwiftPackageReference section */

/* Begin XCSwiftPackageProductDependency section */
		57022BF72AC45C6500070276 /* Lottie */ = {
			isa = XCSwiftPackageProductDependency;
			package = 57022BF62AC45C6500070276 /* XCRemoteSwiftPackageReference "lottie-ios" */;
			productName = Lottie;
		};
/* End XCSwiftPackageProductDependency section */

/* Begin XCVersionGroup section */
		57461C512AB58C540026F903 /* PIM.xcdatamodeld */ = {
			isa = XCVersionGroup;
			children = (
				57461C522AB58C540026F903 /* PIM.xcdatamodel */,
			);
			currentVersion = 57461C522AB58C540026F903 /* PIM.xcdatamodel */;
			path = PIM.xcdatamodeld;
			sourceTree = "<group>";
			versionGroupType = wrapper.xcdatamodel;
		};
/* End XCVersionGroup section */
	};
	rootObject = 57461C3B2AB58C520026F903 /* Project object */;
}
